// !$*UTF8*$!
{
	archiveVersion = 1;
	classes = {
	};
	objectVersion = 56;
	objects = {

/* Begin PBXBuildFile section */
		A6E3B5672A07CF4E0001CF26 /* AppDelegate.swift in Sources */ = {isa = PBXBuildFile; fileRef = A6E3B5662A07CF4E0001CF26 /* AppDelegate.swift */; };
		A6E3B5692A07CF4E0001CF26 /* SceneDelegate.swift in Sources */ = {isa = PBXBuildFile; fileRef = A6E3B5682A07CF4E0001CF26 /* SceneDelegate.swift */; };
		A6E3B56E2A07CF4E0001CF26 /* Main.storyboard in Resources */ = {isa = PBXBuildFile; fileRef = A6E3B56C2A07CF4E0001CF26 /* Main.storyboard */; };
		A6E3B5702A07CF4F0001CF26 /* Assets.xcassets in Resources */ = {isa = PBXBuildFile; fileRef = A6E3B56F2A07CF4F0001CF26 /* Assets.xcassets */; };
		A6E3B5732A07CF4F0001CF26 /* LaunchScreen.storyboard in Resources */ = {isa = PBXBuildFile; fileRef = A6E3B5712A07CF4F0001CF26 /* LaunchScreen.storyboard */; };
		A6E3B57E2A07CF4F0001CF26 /* NASA_Mobile_AppTests.swift in Sources */ = {isa = PBXBuildFile; fileRef = A6E3B57D2A07CF4F0001CF26 /* NASA_Mobile_AppTests.swift */; };
		A6E3B5882A07CF4F0001CF26 /* NASA_Mobile_AppUITests.swift in Sources */ = {isa = PBXBuildFile; fileRef = A6E3B5872A07CF4F0001CF26 /* NASA_Mobile_AppUITests.swift */; };
		A6E3B58A2A07CF4F0001CF26 /* NASA_Mobile_AppUITestsLaunchTests.swift in Sources */ = {isa = PBXBuildFile; fileRef = A6E3B5892A07CF4F0001CF26 /* NASA_Mobile_AppUITestsLaunchTests.swift */; };
		A6E3B59A2A07D1D10001CF26 /* ImageListViewCell.swift in Sources */ = {isa = PBXBuildFile; fileRef = A6E3B5982A07D1D10001CF26 /* ImageListViewCell.swift */; };
		A6E3B59B2A07D1D10001CF26 /* ImageListViewCell.xib in Resources */ = {isa = PBXBuildFile; fileRef = A6E3B5992A07D1D10001CF26 /* ImageListViewCell.xib */; };
		A6E3B59D2A07D7070001CF26 /* ImageListViewController.swift in Sources */ = {isa = PBXBuildFile; fileRef = A6E3B59C2A07D7070001CF26 /* ImageListViewController.swift */; };
		A6E3B59F2A07EB600001CF26 /* ImageDetailViewController.swift in Sources */ = {isa = PBXBuildFile; fileRef = A6E3B59E2A07EB600001CF26 /* ImageDetailViewController.swift */; };
		A6E3B5A12A07ECEA0001CF26 /* ImageDetails.swift in Sources */ = {isa = PBXBuildFile; fileRef = A6E3B5A02A07ECEA0001CF26 /* ImageDetails.swift */; };
		A6E3B5A42A07F5960001CF26 /* Alamofire in Frameworks */ = {isa = PBXBuildFile; productRef = A6E3B5A32A07F5960001CF26 /* Alamofire */; };
		A6E3B5A92A07F62C0001CF26 /* ImageViewModel.swift in Sources */ = {isa = PBXBuildFile; fileRef = A6E3B5A82A07F62C0001CF26 /* ImageViewModel.swift */; };
		A6E3B5AB2A07F6D70001CF26 /* APIManager.swift in Sources */ = {isa = PBXBuildFile; fileRef = A6E3B5AA2A07F6D70001CF26 /* APIManager.swift */; };
		A6E3B5AD2A0824360001CF26 /* UIImageView+Extention.swift in Sources */ = {isa = PBXBuildFile; fileRef = A6E3B5AC2A0824360001CF26 /* UIImageView+Extention.swift */; };
/* End PBXBuildFile section */

/* Begin PBXContainerItemProxy section */
		A6E3B57A2A07CF4F0001CF26 /* PBXContainerItemProxy */ = {
			isa = PBXContainerItemProxy;
			containerPortal = A6E3B55B2A07CF4E0001CF26 /* Project object */;
			proxyType = 1;
			remoteGlobalIDString = A6E3B5622A07CF4E0001CF26;
			remoteInfo = "NASA-Mobile-App";
		};
		A6E3B5842A07CF4F0001CF26 /* PBXContainerItemProxy */ = {
			isa = PBXContainerItemProxy;
			containerPortal = A6E3B55B2A07CF4E0001CF26 /* Project object */;
			proxyType = 1;
			remoteGlobalIDString = A6E3B5622A07CF4E0001CF26;
			remoteInfo = "NASA-Mobile-App";
		};
/* End PBXContainerItemProxy section */

/* Begin PBXFileReference section */
		A6E3B5632A07CF4E0001CF26 /* NASA-Mobile-App.app */ = {isa = PBXFileReference; explicitFileType = wrapper.application; includeInIndex = 0; path = "NASA-Mobile-App.app"; sourceTree = BUILT_PRODUCTS_DIR; };
		A6E3B5662A07CF4E0001CF26 /* AppDelegate.swift */ = {isa = PBXFileReference; lastKnownFileType = sourcecode.swift; path = AppDelegate.swift; sourceTree = "<group>"; };
		A6E3B5682A07CF4E0001CF26 /* SceneDelegate.swift */ = {isa = PBXFileReference; lastKnownFileType = sourcecode.swift; path = SceneDelegate.swift; sourceTree = "<group>"; };
		A6E3B56D2A07CF4E0001CF26 /* Base */ = {isa = PBXFileReference; lastKnownFileType = file.storyboard; name = Base; path = Base.lproj/Main.storyboard; sourceTree = "<group>"; };
		A6E3B56F2A07CF4F0001CF26 /* Assets.xcassets */ = {isa = PBXFileReference; lastKnownFileType = folder.assetcatalog; path = Assets.xcassets; sourceTree = "<group>"; };
		A6E3B5722A07CF4F0001CF26 /* Base */ = {isa = PBXFileReference; lastKnownFileType = file.storyboard; name = Base; path = Base.lproj/LaunchScreen.storyboard; sourceTree = "<group>"; };
		A6E3B5742A07CF4F0001CF26 /* Info.plist */ = {isa = PBXFileReference; lastKnownFileType = text.plist.xml; path = Info.plist; sourceTree = "<group>"; };
		A6E3B5792A07CF4F0001CF26 /* NASA-Mobile-AppTests.xctest */ = {isa = PBXFileReference; explicitFileType = wrapper.cfbundle; includeInIndex = 0; path = "NASA-Mobile-AppTests.xctest"; sourceTree = BUILT_PRODUCTS_DIR; };
		A6E3B57D2A07CF4F0001CF26 /* NASA_Mobile_AppTests.swift */ = {isa = PBXFileReference; lastKnownFileType = sourcecode.swift; path = NASA_Mobile_AppTests.swift; sourceTree = "<group>"; };
		A6E3B5832A07CF4F0001CF26 /* NASA-Mobile-AppUITests.xctest */ = {isa = PBXFileReference; explicitFileType = wrapper.cfbundle; includeInIndex = 0; path = "NASA-Mobile-AppUITests.xctest"; sourceTree = BUILT_PRODUCTS_DIR; };
		A6E3B5872A07CF4F0001CF26 /* NASA_Mobile_AppUITests.swift */ = {isa = PBXFileReference; lastKnownFileType = sourcecode.swift; path = NASA_Mobile_AppUITests.swift; sourceTree = "<group>"; };
		A6E3B5892A07CF4F0001CF26 /* NASA_Mobile_AppUITestsLaunchTests.swift */ = {isa = PBXFileReference; lastKnownFileType = sourcecode.swift; path = NASA_Mobile_AppUITestsLaunchTests.swift; sourceTree = "<group>"; };
		A6E3B5982A07D1D10001CF26 /* ImageListViewCell.swift */ = {isa = PBXFileReference; lastKnownFileType = sourcecode.swift; path = ImageListViewCell.swift; sourceTree = "<group>"; };
		A6E3B5992A07D1D10001CF26 /* ImageListViewCell.xib */ = {isa = PBXFileReference; lastKnownFileType = file.xib; path = ImageListViewCell.xib; sourceTree = "<group>"; };
		A6E3B59C2A07D7070001CF26 /* ImageListViewController.swift */ = {isa = PBXFileReference; lastKnownFileType = sourcecode.swift; path = ImageListViewController.swift; sourceTree = "<group>"; };
		A6E3B59E2A07EB600001CF26 /* ImageDetailViewController.swift */ = {isa = PBXFileReference; lastKnownFileType = sourcecode.swift; path = ImageDetailViewController.swift; sourceTree = "<group>"; };
		A6E3B5A02A07ECEA0001CF26 /* ImageDetails.swift */ = {isa = PBXFileReference; lastKnownFileType = sourcecode.swift; path = ImageDetails.swift; sourceTree = "<group>"; };
		A6E3B5A82A07F62C0001CF26 /* ImageViewModel.swift */ = {isa = PBXFileReference; lastKnownFileType = sourcecode.swift; path = ImageViewModel.swift; sourceTree = "<group>"; };
		A6E3B5AA2A07F6D70001CF26 /* APIManager.swift */ = {isa = PBXFileReference; lastKnownFileType = sourcecode.swift; path = APIManager.swift; sourceTree = "<group>"; };
		A6E3B5AC2A0824360001CF26 /* UIImageView+Extention.swift */ = {isa = PBXFileReference; lastKnownFileType = sourcecode.swift; path = "UIImageView+Extention.swift"; sourceTree = "<group>"; };
/* End PBXFileReference section */

/* Begin PBXFrameworksBuildPhase section */
		A6E3B5602A07CF4E0001CF26 /* Frameworks */ = {
			isa = PBXFrameworksBuildPhase;
			buildActionMask = 2147483647;
			files = (
				A6E3B5A42A07F5960001CF26 /* Alamofire in Frameworks */,
			);
			runOnlyForDeploymentPostprocessing = 0;
		};
		A6E3B5762A07CF4F0001CF26 /* Frameworks */ = {
			isa = PBXFrameworksBuildPhase;
			buildActionMask = 2147483647;
			files = (
			);
			runOnlyForDeploymentPostprocessing = 0;
		};
		A6E3B5802A07CF4F0001CF26 /* Frameworks */ = {
			isa = PBXFrameworksBuildPhase;
			buildActionMask = 2147483647;
			files = (
			);
			runOnlyForDeploymentPostprocessing = 0;
		};
/* End PBXFrameworksBuildPhase section */

/* Begin PBXGroup section */
		A6E3B55A2A07CF4E0001CF26 = {
			isa = PBXGroup;
			children = (
				A6E3B5652A07CF4E0001CF26 /* NASA-Mobile-App */,
				A6E3B57C2A07CF4F0001CF26 /* NASA-Mobile-AppTests */,
				A6E3B5862A07CF4F0001CF26 /* NASA-Mobile-AppUITests */,
				A6E3B5642A07CF4E0001CF26 /* Products */,
			);
			sourceTree = "<group>";
		};
		A6E3B5642A07CF4E0001CF26 /* Products */ = {
			isa = PBXGroup;
			children = (
				A6E3B5632A07CF4E0001CF26 /* NASA-Mobile-App.app */,
				A6E3B5792A07CF4F0001CF26 /* NASA-Mobile-AppTests.xctest */,
				A6E3B5832A07CF4F0001CF26 /* NASA-Mobile-AppUITests.xctest */,
			);
			name = Products;
			sourceTree = "<group>";
		};
		A6E3B5652A07CF4E0001CF26 /* NASA-Mobile-App */ = {
			isa = PBXGroup;
			children = (
				A6E3B5A72A07F6150001CF26 /* ViewModel */,
				A6E3B5A62A07F5E20001CF26 /* Model */,
				A6E3B5A52A07F5A40001CF26 /* View */,
				A6E3B5662A07CF4E0001CF26 /* AppDelegate.swift */,
				A6E3B5682A07CF4E0001CF26 /* SceneDelegate.swift */,
				A6E3B5AA2A07F6D70001CF26 /* APIManager.swift */,
				A6E3B5AC2A0824360001CF26 /* UIImageView+Extention.swift */,
				A6E3B56C2A07CF4E0001CF26 /* Main.storyboard */,
				A6E3B56F2A07CF4F0001CF26 /* Assets.xcassets */,
				A6E3B5712A07CF4F0001CF26 /* LaunchScreen.storyboard */,
				A6E3B5742A07CF4F0001CF26 /* Info.plist */,
			);
			path = "NASA-Mobile-App";
			sourceTree = "<group>";
		};
		A6E3B57C2A07CF4F0001CF26 /* NASA-Mobile-AppTests */ = {
			isa = PBXGroup;
			children = (
				A6E3B57D2A07CF4F0001CF26 /* NASA_Mobile_AppTests.swift */,
			);
			path = "NASA-Mobile-AppTests";
			sourceTree = "<group>";
		};
		A6E3B5862A07CF4F0001CF26 /* NASA-Mobile-AppUITests */ = {
			isa = PBXGroup;
			children = (
				A6E3B5872A07CF4F0001CF26 /* NASA_Mobile_AppUITests.swift */,
				A6E3B5892A07CF4F0001CF26 /* NASA_Mobile_AppUITestsLaunchTests.swift */,
			);
			path = "NASA-Mobile-AppUITests";
			sourceTree = "<group>";
		};
		A6E3B5A52A07F5A40001CF26 /* View */ = {
			isa = PBXGroup;
			children = (
				A6E3B59C2A07D7070001CF26 /* ImageListViewController.swift */,
				A6E3B59E2A07EB600001CF26 /* ImageDetailViewController.swift */,
				A6E3B5982A07D1D10001CF26 /* ImageListViewCell.swift */,
				A6E3B5992A07D1D10001CF26 /* ImageListViewCell.xib */,
			);
			path = View;
			sourceTree = "<group>";
		};
		A6E3B5A62A07F5E20001CF26 /* Model */ = {
			isa = PBXGroup;
			children = (
				A6E3B5A02A07ECEA0001CF26 /* ImageDetails.swift */,
			);
			path = Model;
			sourceTree = "<group>";
		};
		A6E3B5A72A07F6150001CF26 /* ViewModel */ = {
			isa = PBXGroup;
			children = (
				A6E3B5A82A07F62C0001CF26 /* ImageViewModel.swift */,
			);
			path = ViewModel;
			sourceTree = "<group>";
		};
/* End PBXGroup section */

/* Begin PBXNativeTarget section */
		A6E3B5622A07CF4E0001CF26 /* NASA-Mobile-App */ = {
			isa = PBXNativeTarget;
			buildConfigurationList = A6E3B58D2A07CF4F0001CF26 /* Build configuration list for PBXNativeTarget "NASA-Mobile-App" */;
			buildPhases = (
				A6E3B55F2A07CF4E0001CF26 /* Sources */,
				A6E3B5602A07CF4E0001CF26 /* Frameworks */,
				A6E3B5612A07CF4E0001CF26 /* Resources */,
			);
			buildRules = (
			);
			dependencies = (
			);
			name = "NASA-Mobile-App";
			packageProductDependencies = (
				A6E3B5A32A07F5960001CF26 /* Alamofire */,
			);
			productName = "NASA-Mobile-App";
			productReference = A6E3B5632A07CF4E0001CF26 /* NASA-Mobile-App.app */;
			productType = "com.apple.product-type.application";
		};
		A6E3B5782A07CF4F0001CF26 /* NASA-Mobile-AppTests */ = {
			isa = PBXNativeTarget;
			buildConfigurationList = A6E3B5902A07CF4F0001CF26 /* Build configuration list for PBXNativeTarget "NASA-Mobile-AppTests" */;
			buildPhases = (
				A6E3B5752A07CF4F0001CF26 /* Sources */,
				A6E3B5762A07CF4F0001CF26 /* Frameworks */,
				A6E3B5772A07CF4F0001CF26 /* Resources */,
			);
			buildRules = (
			);
			dependencies = (
				A6E3B57B2A07CF4F0001CF26 /* PBXTargetDependency */,
			);
			name = "NASA-Mobile-AppTests";
			productName = "NASA-Mobile-AppTests";
			productReference = A6E3B5792A07CF4F0001CF26 /* NASA-Mobile-AppTests.xctest */;
			productType = "com.apple.product-type.bundle.unit-test";
		};
		A6E3B5822A07CF4F0001CF26 /* NASA-Mobile-AppUITests */ = {
			isa = PBXNativeTarget;
			buildConfigurationList = A6E3B5932A07CF4F0001CF26 /* Build configuration list for PBXNativeTarget "NASA-Mobile-AppUITests" */;
			buildPhases = (
				A6E3B57F2A07CF4F0001CF26 /* Sources */,
				A6E3B5802A07CF4F0001CF26 /* Frameworks */,
				A6E3B5812A07CF4F0001CF26 /* Resources */,
			);
			buildRules = (
			);
			dependencies = (
				A6E3B5852A07CF4F0001CF26 /* PBXTargetDependency */,
			);
			name = "NASA-Mobile-AppUITests";
			productName = "NASA-Mobile-AppUITests";
			productReference = A6E3B5832A07CF4F0001CF26 /* NASA-Mobile-AppUITests.xctest */;
			productType = "com.apple.product-type.bundle.ui-testing";
		};
/* End PBXNativeTarget section */

/* Begin PBXProject section */
		A6E3B55B2A07CF4E0001CF26 /* Project object */ = {
			isa = PBXProject;
			attributes = {
				BuildIndependentTargetsInParallel = 1;
				LastSwiftUpdateCheck = 1430;
				LastUpgradeCheck = 1430;
				TargetAttributes = {
					A6E3B5622A07CF4E0001CF26 = {
						CreatedOnToolsVersion = 14.3;
					};
					A6E3B5782A07CF4F0001CF26 = {
						CreatedOnToolsVersion = 14.3;
						TestTargetID = A6E3B5622A07CF4E0001CF26;
					};
					A6E3B5822A07CF4F0001CF26 = {
						CreatedOnToolsVersion = 14.3;
						TestTargetID = A6E3B5622A07CF4E0001CF26;
					};
				};
			};
			buildConfigurationList = A6E3B55E2A07CF4E0001CF26 /* Build configuration list for PBXProject "NASA-Mobile-App" */;
			compatibilityVersion = "Xcode 14.0";
			developmentRegion = en;
			hasScannedForEncodings = 0;
			knownRegions = (
				en,
				Base,
			);
			mainGroup = A6E3B55A2A07CF4E0001CF26;
			packageReferences = (
				A6E3B5A22A07F5960001CF26 /* XCRemoteSwiftPackageReference "Alamofire" */,
			);
			productRefGroup = A6E3B5642A07CF4E0001CF26 /* Products */;
			projectDirPath = "";
			projectRoot = "";
			targets = (
				A6E3B5622A07CF4E0001CF26 /* NASA-Mobile-App */,
				A6E3B5782A07CF4F0001CF26 /* NASA-Mobile-AppTests */,
				A6E3B5822A07CF4F0001CF26 /* NASA-Mobile-AppUITests */,
			);
		};
/* End PBXProject section */

/* Begin PBXResourcesBuildPhase section */
		A6E3B5612A07CF4E0001CF26 /* Resources */ = {
			isa = PBXResourcesBuildPhase;
			buildActionMask = 2147483647;
			files = (
				A6E3B59B2A07D1D10001CF26 /* ImageListViewCell.xib in Resources */,
				A6E3B5732A07CF4F0001CF26 /* LaunchScreen.storyboard in Resources */,
				A6E3B5702A07CF4F0001CF26 /* Assets.xcassets in Resources */,
				A6E3B56E2A07CF4E0001CF26 /* Main.storyboard in Resources */,
			);
			runOnlyForDeploymentPostprocessing = 0;
		};
		A6E3B5772A07CF4F0001CF26 /* Resources */ = {
			isa = PBXResourcesBuildPhase;
			buildActionMask = 2147483647;
			files = (
			);
			runOnlyForDeploymentPostprocessing = 0;
		};
		A6E3B5812A07CF4F0001CF26 /* Resources */ = {
			isa = PBXResourcesBuildPhase;
			buildActionMask = 2147483647;
			files = (
			);
			runOnlyForDeploymentPostprocessing = 0;
		};
/* End PBXResourcesBuildPhase section */

/* Begin PBXSourcesBuildPhase section */
		A6E3B55F2A07CF4E0001CF26 /* Sources */ = {
			isa = PBXSourcesBuildPhase;
			buildActionMask = 2147483647;
			files = (
				A6E3B5AB2A07F6D70001CF26 /* APIManager.swift in Sources */,
				A6E3B5AD2A0824360001CF26 /* UIImageView+Extention.swift in Sources */,
				A6E3B5A92A07F62C0001CF26 /* ImageViewModel.swift in Sources */,
				A6E3B59D2A07D7070001CF26 /* ImageListViewController.swift in Sources */,
				A6E3B5A12A07ECEA0001CF26 /* ImageDetails.swift in Sources */,
				A6E3B59F2A07EB600001CF26 /* ImageDetailViewController.swift in Sources */,
				A6E3B59A2A07D1D10001CF26 /* ImageListViewCell.swift in Sources */,
				A6E3B5672A07CF4E0001CF26 /* AppDelegate.swift in Sources */,
				A6E3B5692A07CF4E0001CF26 /* SceneDelegate.swift in Sources */,
			);
			runOnlyForDeploymentPostprocessing = 0;
		};
		A6E3B5752A07CF4F0001CF26 /* Sources */ = {
			isa = PBXSourcesBuildPhase;
			buildActionMask = 2147483647;
			files = (
				A6E3B57E2A07CF4F0001CF26 /* NASA_Mobile_AppTests.swift in Sources */,
			);
			runOnlyForDeploymentPostprocessing = 0;
		};
		A6E3B57F2A07CF4F0001CF26 /* Sources */ = {
			isa = PBXSourcesBuildPhase;
			buildActionMask = 2147483647;
			files = (
				A6E3B5882A07CF4F0001CF26 /* NASA_Mobile_AppUITests.swift in Sources */,
				A6E3B58A2A07CF4F0001CF26 /* NASA_Mobile_AppUITestsLaunchTests.swift in Sources */,
			);
			runOnlyForDeploymentPostprocessing = 0;
		};
/* End PBXSourcesBuildPhase section */

/* Begin PBXTargetDependency section */
		A6E3B57B2A07CF4F0001CF26 /* PBXTargetDependency */ = {
			isa = PBXTargetDependency;
			target = A6E3B5622A07CF4E0001CF26 /* NASA-Mobile-App */;
			targetProxy = A6E3B57A2A07CF4F0001CF26 /* PBXContainerItemProxy */;
		};
		A6E3B5852A07CF4F0001CF26 /* PBXTargetDependency */ = {
			isa = PBXTargetDependency;
			target = A6E3B5622A07CF4E0001CF26 /* NASA-Mobile-App */;
			targetProxy = A6E3B5842A07CF4F0001CF26 /* PBXContainerItemProxy */;
		};
/* End PBXTargetDependency section */

/* Begin PBXVariantGroup section */
		A6E3B56C2A07CF4E0001CF26 /* Main.storyboard */ = {
			isa = PBXVariantGroup;
			children = (
				A6E3B56D2A07CF4E0001CF26 /* Base */,
			);
			name = Main.storyboard;
			sourceTree = "<group>";
		};
		A6E3B5712A07CF4F0001CF26 /* LaunchScreen.storyboard */ = {
			isa = PBXVariantGroup;
			children = (
				A6E3B5722A07CF4F0001CF26 /* Base */,
			);
			name = LaunchScreen.storyboard;
			sourceTree = "<group>";
		};
/* End PBXVariantGroup section */

/* Begin XCBuildConfiguration section */
		A6E3B58B2A07CF4F0001CF26 /* Debug */ = {
			isa = XCBuildConfiguration;
			buildSettings = {
				ALWAYS_SEARCH_USER_PATHS = NO;
				CLANG_ANALYZER_NONNULL = YES;
				CLANG_ANALYZER_NUMBER_OBJECT_CONVERSION = YES_AGGRESSIVE;
				CLANG_CXX_LANGUAGE_STANDARD = "gnu++20";
				CLANG_ENABLE_MODULES = YES;
				CLANG_ENABLE_OBJC_ARC = YES;
				CLANG_ENABLE_OBJC_WEAK = YES;
				CLANG_WARN_BLOCK_CAPTURE_AUTORELEASING = YES;
				CLANG_WARN_BOOL_CONVERSION = YES;
				CLANG_WARN_COMMA = YES;
				CLANG_WARN_CONSTANT_CONVERSION = YES;
				CLANG_WARN_DEPRECATED_OBJC_IMPLEMENTATIONS = YES;
				CLANG_WARN_DIRECT_OBJC_ISA_USAGE = YES_ERROR;
				CLANG_WARN_DOCUMENTATION_COMMENTS = YES;
				CLANG_WARN_EMPTY_BODY = YES;
				CLANG_WARN_ENUM_CONVERSION = YES;
				CLANG_WARN_INFINITE_RECURSION = YES;
				CLANG_WARN_INT_CONVERSION = YES;
				CLANG_WARN_NON_LITERAL_NULL_CONVERSION = YES;
				CLANG_WARN_OBJC_IMPLICIT_RETAIN_SELF = YES;
				CLANG_WARN_OBJC_LITERAL_CONVERSION = YES;
				CLANG_WARN_OBJC_ROOT_CLASS = YES_ERROR;
				CLANG_WARN_QUOTED_INCLUDE_IN_FRAMEWORK_HEADER = YES;
				CLANG_WARN_RANGE_LOOP_ANALYSIS = YES;
				CLANG_WARN_STRICT_PROTOTYPES = YES;
				CLANG_WARN_SUSPICIOUS_MOVE = YES;
				CLANG_WARN_UNGUARDED_AVAILABILITY = YES_AGGRESSIVE;
				CLANG_WARN_UNREACHABLE_CODE = YES;
				CLANG_WARN__DUPLICATE_METHOD_MATCH = YES;
				COPY_PHASE_STRIP = NO;
				DEBUG_INFORMATION_FORMAT = dwarf;
				ENABLE_STRICT_OBJC_MSGSEND = YES;
				ENABLE_TESTABILITY = YES;
				GCC_C_LANGUAGE_STANDARD = gnu11;
				GCC_DYNAMIC_NO_PIC = NO;
				GCC_NO_COMMON_BLOCKS = YES;
				GCC_OPTIMIZATION_LEVEL = 0;
				GCC_PREPROCESSOR_DEFINITIONS = (
					"DEBUG=1",
					"$(inherited)",
				);
				GCC_WARN_64_TO_32_BIT_CONVERSION = YES;
				GCC_WARN_ABOUT_RETURN_TYPE = YES_ERROR;
				GCC_WARN_UNDECLARED_SELECTOR = YES;
				GCC_WARN_UNINITIALIZED_AUTOS = YES_AGGRESSIVE;
				GCC_WARN_UNUSED_FUNCTION = YES;
				GCC_WARN_UNUSED_VARIABLE = YES;
				IPHONEOS_DEPLOYMENT_TARGET = 16.4;
				MTL_ENABLE_DEBUG_INFO = INCLUDE_SOURCE;
				MTL_FAST_MATH = YES;
				ONLY_ACTIVE_ARCH = YES;
				SDKROOT = iphoneos;
				SWIFT_ACTIVE_COMPILATION_CONDITIONS = DEBUG;
				SWIFT_OPTIMIZATION_LEVEL = "-Onone";
			};
			name = Debug;
		};
		A6E3B58C2A07CF4F0001CF26 /* Release */ = {
			isa = XCBuildConfiguration;
			buildSettings = {
				ALWAYS_SEARCH_USER_PATHS = NO;
				CLANG_ANALYZER_NONNULL = YES;
				CLANG_ANALYZER_NUMBER_OBJECT_CONVERSION = YES_AGGRESSIVE;
				CLANG_CXX_LANGUAGE_STANDARD = "gnu++20";
				CLANG_ENABLE_MODULES = YES;
				CLANG_ENABLE_OBJC_ARC = YES;
				CLANG_ENABLE_OBJC_WEAK = YES;
				CLANG_WARN_BLOCK_CAPTURE_AUTORELEASING = YES;
				CLANG_WARN_BOOL_CONVERSION = YES;
				CLANG_WARN_COMMA = YES;
				CLANG_WARN_CONSTANT_CONVERSION = YES;
				CLANG_WARN_DEPRECATED_OBJC_IMPLEMENTATIONS = YES;
				CLANG_WARN_DIRECT_OBJC_ISA_USAGE = YES_ERROR;
				CLANG_WARN_DOCUMENTATION_COMMENTS = YES;
				CLANG_WARN_EMPTY_BODY = YES;
				CLANG_WARN_ENUM_CONVERSION = YES;
				CLANG_WARN_INFINITE_RECURSION = YES;
				CLANG_WARN_INT_CONVERSION = YES;
				CLANG_WARN_NON_LITERAL_NULL_CONVERSION = YES;
				CLANG_WARN_OBJC_IMPLICIT_RETAIN_SELF = YES;
				CLANG_WARN_OBJC_LITERAL_CONVERSION = YES;
				CLANG_WARN_OBJC_ROOT_CLASS = YES_ERROR;
				CLANG_WARN_QUOTED_INCLUDE_IN_FRAMEWORK_HEADER = YES;
				CLANG_WARN_RANGE_LOOP_ANALYSIS = YES;
				CLANG_WARN_STRICT_PROTOTYPES = YES;
				CLANG_WARN_SUSPICIOUS_MOVE = YES;
				CLANG_WARN_UNGUARDED_AVAILABILITY = YES_AGGRESSIVE;
				CLANG_WARN_UNREACHABLE_CODE = YES;
				CLANG_WARN__DUPLICATE_METHOD_MATCH = YES;
				COPY_PHASE_STRIP = NO;
				DEBUG_INFORMATION_FORMAT = "dwarf-with-dsym";
				ENABLE_NS_ASSERTIONS = NO;
				ENABLE_STRICT_OBJC_MSGSEND = YES;
				GCC_C_LANGUAGE_STANDARD = gnu11;
				GCC_NO_COMMON_BLOCKS = YES;
				GCC_WARN_64_TO_32_BIT_CONVERSION = YES;
				GCC_WARN_ABOUT_RETURN_TYPE = YES_ERROR;
				GCC_WARN_UNDECLARED_SELECTOR = YES;
				GCC_WARN_UNINITIALIZED_AUTOS = YES_AGGRESSIVE;
				GCC_WARN_UNUSED_FUNCTION = YES;
				GCC_WARN_UNUSED_VARIABLE = YES;
				IPHONEOS_DEPLOYMENT_TARGET = 16.4;
				MTL_ENABLE_DEBUG_INFO = NO;
				MTL_FAST_MATH = YES;
				SDKROOT = iphoneos;
				SWIFT_COMPILATION_MODE = wholemodule;
				SWIFT_OPTIMIZATION_LEVEL = "-O";
				VALIDATE_PRODUCT = YES;
			};
			name = Release;
		};
		A6E3B58E2A07CF4F0001CF26 /* Debug */ = {
			isa = XCBuildConfiguration;
			buildSettings = {
				ASSETCATALOG_COMPILER_APPICON_NAME = AppIcon;
				ASSETCATALOG_COMPILER_GLOBAL_ACCENT_COLOR_NAME = AccentColor;
				CODE_SIGN_STYLE = Automatic;
				CURRENT_PROJECT_VERSION = 1;
				GENERATE_INFOPLIST_FILE = YES;
				INFOPLIST_FILE = "NASA-Mobile-App/Info.plist";
				INFOPLIST_KEY_UIApplicationSupportsIndirectInputEvents = YES;
				INFOPLIST_KEY_UILaunchStoryboardName = LaunchScreen;
				INFOPLIST_KEY_UIMainStoryboardFile = Main;
				INFOPLIST_KEY_UISupportedInterfaceOrientations_iPad = "UIInterfaceOrientationPortrait UIInterfaceOrientationPortraitUpsideDown UIInterfaceOrientationLandscapeLeft UIInterfaceOrientationLandscapeRight";
				INFOPLIST_KEY_UISupportedInterfaceOrientations_iPhone = "UIInterfaceOrientationPortrait UIInterfaceOrientationLandscapeLeft UIInterfaceOrientationLandscapeRight";
				LD_RUNPATH_SEARCH_PATHS = (
					"$(inherited)",
					"@executable_path/Frameworks",
				);
				MARKETING_VERSION = 1.0;
				PRODUCT_BUNDLE_IDENTIFIER = "com.aditi.NASA-Mobile-App";
				PRODUCT_NAME = "$(TARGET_NAME)";
				SWIFT_EMIT_LOC_STRINGS = YES;
				SWIFT_VERSION = 5.0;
				TARGETED_DEVICE_FAMILY = "1,2";
			};
			name = Debug;
		};
		A6E3B58F2A07CF4F0001CF26 /* Release */ = {
			isa = XCBuildConfiguration;
			buildSettings = {
				ASSETCATALOG_COMPILER_APPICON_NAME = AppIcon;
				ASSETCATALOG_COMPILER_GLOBAL_ACCENT_COLOR_NAME = AccentColor;
				CODE_SIGN_STYLE = Automatic;
				CURRENT_PROJECT_VERSION = 1;
				GENERATE_INFOPLIST_FILE = YES;
				INFOPLIST_FILE = "NASA-Mobile-App/Info.plist";
				INFOPLIST_KEY_UIApplicationSupportsIndirectInputEvents = YES;
				INFOPLIST_KEY_UILaunchStoryboardName = LaunchScreen;
				INFOPLIST_KEY_UIMainStoryboardFile = Main;
				INFOPLIST_KEY_UISupportedInterfaceOrientations_iPad = "UIInterfaceOrientationPortrait UIInterfaceOrientationPortraitUpsideDown UIInterfaceOrientationLandscapeLeft UIInterfaceOrientationLandscapeRight";
				INFOPLIST_KEY_UISupportedInterfaceOrientations_iPhone = "UIInterfaceOrientationPortrait UIInterfaceOrientationLandscapeLeft UIInterfaceOrientationLandscapeRight";
				LD_RUNPATH_SEARCH_PATHS = (
					"$(inherited)",
					"@executable_path/Frameworks",
				);
				MARKETING_VERSION = 1.0;
				PRODUCT_BUNDLE_IDENTIFIER = "com.aditi.NASA-Mobile-App";
				PRODUCT_NAME = "$(TARGET_NAME)";
				SWIFT_EMIT_LOC_STRINGS = YES;
				SWIFT_VERSION = 5.0;
				TARGETED_DEVICE_FAMILY = "1,2";
			};
			name = Release;
		};
		A6E3B5912A07CF4F0001CF26 /* Debug */ = {
			isa = XCBuildConfiguration;
			buildSettings = {
				ALWAYS_EMBED_SWIFT_STANDARD_LIBRARIES = YES;
				BUNDLE_LOADER = "$(TEST_HOST)";
				CODE_SIGN_STYLE = Automatic;
				CURRENT_PROJECT_VERSION = 1;
				GENERATE_INFOPLIST_FILE = YES;
				IPHONEOS_DEPLOYMENT_TARGET = 16.4;
				MARKETING_VERSION = 1.0;
				PRODUCT_BUNDLE_IDENTIFIER = "com.aditi.NASA-Mobile-AppTests";
				PRODUCT_NAME = "$(TARGET_NAME)";
				SWIFT_EMIT_LOC_STRINGS = NO;
				SWIFT_VERSION = 5.0;
				TARGETED_DEVICE_FAMILY = "1,2";
				TEST_HOST = "$(BUILT_PRODUCTS_DIR)/NASA-Mobile-App.app/$(BUNDLE_EXECUTABLE_FOLDER_PATH)/NASA-Mobile-App";
			};
			name = Debug;
		};
		A6E3B5922A07CF4F0001CF26 /* Release */ = {
			isa = XCBuildConfiguration;
			buildSettings = {
				ALWAYS_EMBED_SWIFT_STANDARD_LIBRARIES = YES;
				BUNDLE_LOADER = "$(TEST_HOST)";
				CODE_SIGN_STYLE = Automatic;
				CURRENT_PROJECT_VERSION = 1;
				GENERATE_INFOPLIST_FILE = YES;
				IPHONEOS_DEPLOYMENT_TARGET = 16.4;
				MARKETING_VERSION = 1.0;
				PRODUCT_BUNDLE_IDENTIFIER = "com.aditi.NASA-Mobile-AppTests";
				PRODUCT_NAME = "$(TARGET_NAME)";
				SWIFT_EMIT_LOC_STRINGS = NO;
				SWIFT_VERSION = 5.0;
				TARGETED_DEVICE_FAMILY = "1,2";
				TEST_HOST = "$(BUILT_PRODUCTS_DIR)/NASA-Mobile-App.app/$(BUNDLE_EXECUTABLE_FOLDER_PATH)/NASA-Mobile-App";
			};
			name = Release;
		};
		A6E3B5942A07CF4F0001CF26 /* Debug */ = {
			isa = XCBuildConfiguration;
			buildSettings = {
				ALWAYS_EMBED_SWIFT_STANDARD_LIBRARIES = YES;
				CODE_SIGN_STYLE = Automatic;
				CURRENT_PROJECT_VERSION = 1;
				GENERATE_INFOPLIST_FILE = YES;
				MARKETING_VERSION = 1.0;
				PRODUCT_BUNDLE_IDENTIFIER = "com.aditi.NASA-Mobile-AppUITests";
				PRODUCT_NAME = "$(TARGET_NAME)";
				SWIFT_EMIT_LOC_STRINGS = NO;
				SWIFT_VERSION = 5.0;
				TARGETED_DEVICE_FAMILY = "1,2";
				TEST_TARGET_NAME = "NASA-Mobile-App";
			};
			name = Debug;
		};
		A6E3B5952A07CF4F0001CF26 /* Release */ = {
			isa = XCBuildConfiguration;
			buildSettings = {
				ALWAYS_EMBED_SWIFT_STANDARD_LIBRARIES = YES;
				CODE_SIGN_STYLE = Automatic;
				CURRENT_PROJECT_VERSION = 1;
				GENERATE_INFOPLIST_FILE = YES;
				MARKETING_VERSION = 1.0;
				PRODUCT_BUNDLE_IDENTIFIER = "com.aditi.NASA-Mobile-AppUITests";
				PRODUCT_NAME = "$(TARGET_NAME)";
				SWIFT_EMIT_LOC_STRINGS = NO;
				SWIFT_VERSION = 5.0;
				TARGETED_DEVICE_FAMILY = "1,2";
				TEST_TARGET_NAME = "NASA-Mobile-App";
			};
			name = Release;
		};
/* End XCBuildConfiguration section */

/* Begin XCConfigurationList section */
		A6E3B55E2A07CF4E0001CF26 /* Build configuration list for PBXProject "NASA-Mobile-App" */ = {
			isa = XCConfigurationList;
			buildConfigurations = (
				A6E3B58B2A07CF4F0001CF26 /* Debug */,
				A6E3B58C2A07CF4F0001CF26 /* Release */,
			);
			defaultConfigurationIsVisible = 0;
			defaultConfigurationName = Release;
		};
		A6E3B58D2A07CF4F0001CF26 /* Build configuration list for PBXNativeTarget "NASA-Mobile-App" */ = {
			isa = XCConfigurationList;
			buildConfigurations = (
				A6E3B58E2A07CF4F0001CF26 /* Debug */,
				A6E3B58F2A07CF4F0001CF26 /* Release */,
			);
			defaultConfigurationIsVisible = 0;
			defaultConfigurationName = Release;
		};
		A6E3B5902A07CF4F0001CF26 /* Build configuration list for PBXNativeTarget "NASA-Mobile-AppTests" */ = {
			isa = XCConfigurationList;
			buildConfigurations = (
				A6E3B5912A07CF4F0001CF26 /* Debug */,
				A6E3B5922A07CF4F0001CF26 /* Release */,
			);
			defaultConfigurationIsVisible = 0;
			defaultConfigurationName = Release;
		};
		A6E3B5932A07CF4F0001CF26 /* Build configuration list for PBXNativeTarget "NASA-Mobile-AppUITests" */ = {
			isa = XCConfigurationList;
			buildConfigurations = (
				A6E3B5942A07CF4F0001CF26 /* Debug */,
				A6E3B5952A07CF4F0001CF26 /* Release */,
			);
			defaultConfigurationIsVisible = 0;
			defaultConfigurationName = Release;
		};
/* End XCConfigurationList section */

/* Begin XCRemoteSwiftPackageReference section */
		A6E3B5A22A07F5960001CF26 /* XCRemoteSwiftPackageReference "Alamofire" */ = {
			isa = XCRemoteSwiftPackageReference;
			repositoryURL = "https://github.com/Alamofire/Alamofire.git";
			requirement = {
				kind = upToNextMajorVersion;
				minimumVersion = 5.6.1;
			};
		};
/* End XCRemoteSwiftPackageReference section */

/* Begin XCSwiftPackageProductDependency section */
		A6E3B5A32A07F5960001CF26 /* Alamofire */ = {
			isa = XCSwiftPackageProductDependency;
			package = A6E3B5A22A07F5960001CF26 /* XCRemoteSwiftPackageReference "Alamofire" */;
			productName = Alamofire;
		};
/* End XCSwiftPackageProductDependency section */
	};
	rootObject = A6E3B55B2A07CF4E0001CF26 /* Project object */;
}
